{
  "version": 4,
  "terraform_version": "1.5.3",
  "serial": 10,
  "lineage": "667bd26b-27ab-d96f-50d8-25ee5e98d655",
  "outputs": {
    "aws_ec2_instances": {
      "value": 4,
      "type": "number"
    },
    "devops_op_trainer": {
      "value": "TrainWithMuskan",
      "type": "string"
    }
  },
  "resources": [
    {
      "mode": "managed",
      "type": "local_file",
      "name": "devops",
      "provider": "provider[\"registry.terraform.io/hashicorp/local\"]",
      "instances": [
        {
          "schema_version": 0,
          "attributes": {
            "content": "it's our 1st content",
            "content_base64": null,
            "content_base64sha256": "Qm6Top/oiSv9ozw6e4O+XbnPO1/OqZ3uOUM7lytMjHk=",
            "content_base64sha512": "SO7rNawIlIYS9KHg+KKqj7a+1few0cM4Qjp7uVbap/Uwefm1DT7Ub+a9Jsn76i7iacOG2XoOx27V6fMNYFVq4g==",
            "content_md5": "fff63a680bf3519df9d718d1a897e03a",
            "content_sha1": "25b4102ef949619c3455d7fad496199eb65b0a60",
            "content_sha256": "426e93a29fe8892bfda33c3a7b83be5db9cf3b5fcea99dee39433b972b4c8c79",
            "content_sha512": "48eeeb35ac08948612f4a1e0f8a2aa8fb6bed5f7b0d1c338423a7bb956daa7f53079f9b50d3ed46fe6bd26c9fbea2ee269c386d97a0ec76ed5e9f30d60556ae2",
            "directory_permission": "0777",
            "file_permission": "0777",
            "filename": "/home/ubuntu/terraform/day2/terraform-variables/file_1.txt,",
            "id": "25b4102ef949619c3455d7fad496199eb65b0a60",
            "sensitive_content": null,
            "source": null
          },
          "sensitive_attributes": []
        }
      ]
    },
    {
      "mode": "managed",
      "type": "local_file",
      "name": "devops-var",
      "provider": "provider[\"registry.terraform.io/hashicorp/local\"]",
      "instances": [
        {
          "schema_version": 0,
          "attributes": {
            "content": "it's our 2nd content",
            "content_base64": null,
            "content_base64sha256": "p1+H1EISoRB8k0BWQLr27GvA47UI8l2FTtVETtkHO0Y=",
            "content_base64sha512": "AelTOCS+0aSg7KPyZtUXeAQ+GHjuPCYgFbg8DlhJRRo8oXayfe41x1nC8ZWGES2L2vYH0J3dNGbs8NhN8zr5HQ==",
            "content_md5": "a24d3ad67bc61410ef55b58d14d21198",
            "content_sha1": "ea2f05c433bab4db4507a2cd5edd4a4285de01a0",
            "content_sha256": "a75f87d44212a1107c93405640baf6ec6bc0e3b508f25d854ed5444ed9073b46",
            "content_sha512": "01e9533824bed1a4a0eca3f266d51778043e1878ee3c262015b83c0e5849451a3ca176b27dee35c759c2f19586112d8bdaf607d09ddd3466ecf0d84df33af91d",
            "directory_permission": "0777",
            "file_permission": "0777",
            "filename": "/home/ubuntu/terraform/day2/terraform-variables/file_2.txt,",
            "id": "ea2f05c433bab4db4507a2cd5edd4a4285de01a0",
            "sensitive_content": null,
            "source": null
          },
          "sensitive_attributes": []
        }
      ]
    }
  ],
  "check_results": null
}
