{
  "version": 4,
  "terraform_version": "1.5.3",
  "serial": 13,
  "lineage": "5e3a9e45-112d-808f-110a-cbdb4ad7ef82",
  "outputs": {},
  "resources": [
    {
      "mode": "managed",
      "type": "docker_image",
      "name": "nginx",
      "provider": "provider[\"registry.terraform.io/kreuzwerker/docker\"]",
      "instances": [
        {
          "schema_version": 0,
          "attributes": {
            "build": [],
            "force_remove": null,
            "id": "sha256:021283c8eb95be02b23db0de7f609d603553c6714785e7a673c6594a624ffbdanginx:latest",
            "image_id": "sha256:021283c8eb95be02b23db0de7f609d603553c6714785e7a673c6594a624ffbda",
            "keep_locally": false,
            "latest": "sha256:021283c8eb95be02b23db0de7f609d603553c6714785e7a673c6594a624ffbda",
            "name": "nginx:latest",
            "output": null,
            "pull_trigger": null,
            "pull_triggers": null,
            "repo_digest": "nginx@sha256:08bc36ad52474e528cc1ea3426b5e3f4bad8a130318e3140d6cfe29c8892c7ef",
            "triggers": null
          },
          "sensitive_attributes": [],
          "private": "bnVsbA=="
        }
      ]
    }
  ],
  "check_results": null
}
