{
  "version": 4,
  "terraform_version": "1.5.3",
  "serial": 4,
  "lineage": "328c761c-2b98-f5bd-3a6c-81bf8b58699e",
  "outputs": {
    "devops_op_trainer": {
      "value": "TrainWithMuskan",
      "type": "string"
    }
  },
  "resources": [
    {
      "mode": "managed",
      "type": "local_file",
      "name": "devops",
      "provider": "provider[\"registry.terraform.io/hashicorp/local\"]",
      "instances": [
        {
          "schema_version": 0,
          "attributes": {
            "content": "This is DevOps test file",
            "content_base64": null,
            "content_base64sha256": "Y8WVfZlIG8eh/LIHD1Oo3Vffiy/E0Q0PqFlkSGECv9E=",
            "content_base64sha512": "HDFi/fBY08lwqUV+mPCeSG25BiskEXkveuutijPLD7vJ+MNKRQq1KDEHIbaE7VyyIQmpVEwH6/HoVr3sUCH0dg==",
            "content_md5": "41358f34aaf7ad22502bc5009ef94392",
            "content_sha1": "b08c8406b9e5f99b27bfec1faaa64ba5e895619d",
            "content_sha256": "63c5957d99481bc7a1fcb2070f53a8dd57df8b2fc4d10d0fa85964486102bfd1",
            "content_sha512": "1c3162fdf058d3c970a9457e98f09e486db9062b2411792f7aebad8a33cb0fbbc9f8c34a450ab528310721b684ed5cb22109a9544c07ebf1e856bdec5021f476",
            "directory_permission": "0777",
            "file_permission": "0777",
            "filename": "/home/ubuntu/terraform/day2/terraform-variables/devops_test.txt",
            "id": "b08c8406b9e5f99b27bfec1faaa64ba5e895619d",
            "sensitive_content": null,
            "source": null
          },
          "sensitive_attributes": []
        }
      ]
    },
    {
      "mode": "managed",
      "type": "local_file",
      "name": "devops-var",
      "provider": "provider[\"registry.terraform.io/hashicorp/local\"]",
      "instances": [
        {
          "schema_version": 0,
          "attributes": {
            "content": "This is auto generated from a variable",
            "content_base64": null,
            "content_base64sha256": "yDeH4kVU5RUhN35ljh5HGUBT99faLndIYb0dHktb4sw=",
            "content_base64sha512": "c6V5GqS2qZ2W/4hxClcypI6m1WUR7P2fMbWW26eqhu8ZUl6j/RpdHisi+M+OaFbGUEleZ3v9oAfyxwWNRQnsNA==",
            "content_md5": "a609e9b5661664e0154943c6f4d3a165",
            "content_sha1": "32a0a75ead4449ff66553f663c8950f483829cf2",
            "content_sha256": "c83787e24554e51521377e658e1e47194053f7d7da2e774861bd1d1e4b5be2cc",
            "content_sha512": "73a5791aa4b6a99d96ff88710a5732a48ea6d56511ecfd9f31b596dba7aa86ef19525ea3fd1a5d1e2b22f8cf8e6856c650495e677bfda007f2c7058d4509ec34",
            "directory_permission": "0777",
            "file_permission": "0777",
            "filename": "/home/ubuntu/terraform/day2/terraform-variables/devops-automated.txt",
            "id": "32a0a75ead4449ff66553f663c8950f483829cf2",
            "sensitive_content": null,
            "source": null
          },
          "sensitive_attributes": []
        }
      ]
    }
  ],
  "check_results": null
}
